// !$*UTF8*$!
{
	archiveVersion = 1;
	classes = {
	};
	objectVersion = 46;
	objects = {

/* Begin PBXBuildFile section */
		38E96A991AD4C79D006F589E /* AppDelegate.swift in Sources */ = {isa = PBXBuildFile; fileRef = 38E96A981AD4C79D006F589E /* AppDelegate.swift */; };
		38E96A9B1AD4C79D006F589E /* ViewController.swift in Sources */ = {isa = PBXBuildFile; fileRef = 38E96A9A1AD4C79D006F589E /* ViewController.swift */; };
		38E96A9E1AD4C79D006F589E /* Main.storyboard in Resources */ = {isa = PBXBuildFile; fileRef = 38E96A9C1AD4C79D006F589E /* Main.storyboard */; };
		38E96AA01AD4C79D006F589E /* Images.xcassets in Resources */ = {isa = PBXBuildFile; fileRef = 38E96A9F1AD4C79D006F589E /* Images.xcassets */; };
		38E96AA31AD4C79D006F589E /* LaunchScreen.xib in Resources */ = {isa = PBXBuildFile; fileRef = 38E96AA11AD4C79D006F589E /* LaunchScreen.xib */; };
		38E96AAF1AD4C79D006F589E /* tomoatoesTests.swift in Sources */ = {isa = PBXBuildFile; fileRef = 38E96AAE1AD4C79D006F589E /* tomoatoesTests.swift */; };
/* End PBXBuildFile section */

/* Begin PBXContainerItemProxy section */
		38E96AA91AD4C79D006F589E /* PBXContainerItemProxy */ = {
			isa = PBXContainerItemProxy;
			containerPortal = 38E96A8B1AD4C79D006F589E /* Project object */;
			proxyType = 1;
			remoteGlobalIDString = 38E96A921AD4C79D006F589E;
			remoteInfo = tomoatoes;
		};
/* End PBXContainerItemProxy section */

/* Begin PBXFileReference section */
		38E96A931AD4C79D006F589E /* tomoatoes.app */ = {isa = PBXFileReference; explicitFileType = wrapper.application; includeInIndex = 0; path = tomoatoes.app; sourceTree = BUILT_PRODUCTS_DIR; };
		38E96A971AD4C79D006F589E /* Info.plist */ = {isa = PBXFileReference; lastKnownFileType = text.plist.xml; path = Info.plist; sourceTree = "<group>"; };
		38E96A981AD4C79D006F589E /* AppDelegate.swift */ = {isa = PBXFileReference; lastKnownFileType = sourcecode.swift; path = AppDelegate.swift; sourceTree = "<group>"; };
		38E96A9A1AD4C79D006F589E /* ViewController.swift */ = {isa = PBXFileReference; lastKnownFileType = sourcecode.swift; path = ViewController.swift; sourceTree = "<group>"; };
		38E96A9D1AD4C79D006F589E /* Base */ = {isa = PBXFileReference; lastKnownFileType = file.storyboard; name = Base; path = Base.lproj/Main.storyboard; sourceTree = "<group>"; };
		38E96A9F1AD4C79D006F589E /* Images.xcassets */ = {isa = PBXFileReference; lastKnownFileType = folder.assetcatalog; path = Images.xcassets; sourceTree = "<group>"; };
		38E96AA21AD4C79D006F589E /* Base */ = {isa = PBXFileReference; lastKnownFileType = file.xib; name = Base; path = Base.lproj/LaunchScreen.xib; sourceTree = "<group>"; };
		38E96AA81AD4C79D006F589E /* tomoatoesTests.xctest */ = {isa = PBXFileReference; explicitFileType = wrapper.cfbundle; includeInIndex = 0; path = tomoatoesTests.xctest; sourceTree = BUILT_PRODUCTS_DIR; };
		38E96AAD1AD4C79D006F589E /* Info.plist */ = {isa = PBXFileReference; lastKnownFileType = text.plist.xml; path = Info.plist; sourceTree = "<group>"; };
		38E96AAE1AD4C79D006F589E /* tomoatoesTests.swift */ = {isa = PBXFileReference; lastKnownFileType = sourcecode.swift; path = tomoatoesTests.swift; sourceTree = "<group>"; };
/* End PBXFileReference section */

/* Begin PBXFrameworksBuildPhase section */
		38E96A901AD4C79D006F589E /* Frameworks */ = {
			isa = PBXFrameworksBuildPhase;
			buildActionMask = 2147483647;
			files = (
			);
			runOnlyForDeploymentPostprocessing = 0;
		};
		38E96AA51AD4C79D006F589E /* Frameworks */ = {
			isa = PBXFrameworksBuildPhase;
			buildActionMask = 2147483647;
			files = (
			);
			runOnlyForDeploymentPostprocessing = 0;
		};
/* End PBXFrameworksBuildPhase section */

/* Begin PBXGroup section */
		38E96A8A1AD4C79D006F589E = {
			isa = PBXGroup;
			children = (
				38E96A951AD4C79D006F589E /* tomoatoes */,
				38E96AAB1AD4C79D006F589E /* tomoatoesTests */,
				38E96A941AD4C79D006F589E /* Products */,
			);
			sourceTree = "<group>";
		};
		38E96A941AD4C79D006F589E /* Products */ = {
			isa = PBXGroup;
			children = (
				38E96A931AD4C79D006F589E /* tomoatoes.app */,
				38E96AA81AD4C79D006F589E /* tomoatoesTests.xctest */,
			);
			name = Products;
			sourceTree = "<group>";
		};
		38E96A951AD4C79D006F589E /* tomoatoes */ = {
			isa = PBXGroup;
			children = (
				38E96A981AD4C79D006F589E /* AppDelegate.swift */,
				38E96A9A1AD4C79D006F589E /* ViewController.swift */,
				38E96A9C1AD4C79D006F589E /* Main.storyboard */,
				38E96A9F1AD4C79D006F589E /* Images.xcassets */,
				38E96AA11AD4C79D006F589E /* LaunchScreen.xib */,
				38E96A961AD4C79D006F589E /* Supporting Files */,
			);
			path = tomoatoes;
			sourceTree = "<group>";
		};
		38E96A961AD4C79D006F589E /* Supporting Files */ = {
			isa = PBXGroup;
			children = (
				38E96A971AD4C79D006F589E /* Info.plist */,
			);
			name = "Supporting Files";
			sourceTree = "<group>";
		};
		38E96AAB1AD4C79D006F589E /* tomoatoesTests */ = {
			isa = PBXGroup;
			children = (
				38E96AAE1AD4C79D006F589E /* tomoatoesTests.swift */,
				38E96AAC1AD4C79D006F589E /* Supporting Files */,
			);
			path = tomoatoesTests;
			sourceTree = "<group>";
		};
		38E96AAC1AD4C79D006F589E /* Supporting Files */ = {
			isa = PBXGroup;
			children = (
				38E96AAD1AD4C79D006F589E /* Info.plist */,
			);
			name = "Supporting Files";
			sourceTree = "<group>";
		};
/* End PBXGroup section */

/* Begin PBXNativeTarget section */
		38E96A921AD4C79D006F589E /* tomoatoes */ = {
			isa = PBXNativeTarget;
			buildConfigurationList = 38E96AB21AD4C79D006F589E /* Build configuration list for PBXNativeTarget "tomoatoes" */;
			buildPhases = (
				38E96A8F1AD4C79D006F589E /* Sources */,
				38E96A901AD4C79D006F589E /* Frameworks */,
				38E96A911AD4C79D006F589E /* Resources */,
			);
			buildRules = (
			);
			dependencies = (
			);
			name = tomoatoes;
			productName = tomoatoes;
			productReference = 38E96A931AD4C79D006F589E /* tomoatoes.app */;
			productType = "com.apple.product-type.application";
		};
		38E96AA71AD4C79D006F589E /* tomoatoesTests */ = {
			isa = PBXNativeTarget;
			buildConfigurationList = 38E96AB51AD4C79D006F589E /* Build configuration list for PBXNativeTarget "tomoatoesTests" */;
			buildPhases = (
				38E96AA41AD4C79D006F589E /* Sources */,
				38E96AA51AD4C79D006F589E /* Frameworks */,
				38E96AA61AD4C79D006F589E /* Resources */,
			);
			buildRules = (
			);
			dependencies = (
				38E96AAA1AD4C79D006F589E /* PBXTargetDependency */,
			);
			name = tomoatoesTests;
			productName = tomoatoesTests;
			productReference = 38E96AA81AD4C79D006F589E /* tomoatoesTests.xctest */;
			productType = "com.apple.product-type.bundle.unit-test";
		};
/* End PBXNativeTarget section */

/* Begin PBXProject section */
		38E96A8B1AD4C79D006F589E /* Project object */ = {
			isa = PBXProject;
			attributes = {
				LastUpgradeCheck = 0620;
				ORGANIZATIONNAME = com.codepath;
				TargetAttributes = {
					38E96A921AD4C79D006F589E = {
						CreatedOnToolsVersion = 6.2;
					};
					38E96AA71AD4C79D006F589E = {
						CreatedOnToolsVersion = 6.2;
						TestTargetID = 38E96A921AD4C79D006F589E;
					};
				};
			};
			buildConfigurationList = 38E96A8E1AD4C79D006F589E /* Build configuration list for PBXProject "tomoatoes" */;
			compatibilityVersion = "Xcode 3.2";
			developmentRegion = English;
			hasScannedForEncodings = 0;
			knownRegions = (
				en,
				Base,
			);
			mainGroup = 38E96A8A1AD4C79D006F589E;
			productRefGroup = 38E96A941AD4C79D006F589E /* Products */;
			projectDirPath = "";
			projectRoot = "";
			targets = (
				38E96A921AD4C79D006F589E /* tomoatoes */,
				38E96AA71AD4C79D006F589E /* tomoatoesTests */,
			);
		};
/* End PBXProject section */

/* Begin PBXResourcesBuildPhase section */
		38E96A911AD4C79D006F589E /* Resources */ = {
			isa = PBXResourcesBuildPhase;
			buildActionMask = 2147483647;
			files = (
				38E96A9E1AD4C79D006F589E /* Main.storyboard in Resources */,
				38E96AA31AD4C79D006F589E /* LaunchScreen.xib in Resources */,
				38E96AA01AD4C79D006F589E /* Images.xcassets in Resources */,
			);
			runOnlyForDeploymentPostprocessing = 0;
		};
		38E96AA61AD4C79D006F589E /* Resources */ = {
			isa = PBXResourcesBuildPhase;
			buildActionMask = 2147483647;
			files = (
			);
			runOnlyForDeploymentPostprocessing = 0;
		};
/* End PBXResourcesBuildPhase section */

/* Begin PBXSourcesBuildPhase section */
		38E96A8F1AD4C79D006F589E /* Sources */ = {
			isa = PBXSourcesBuildPhase;
			buildActionMask = 2147483647;
			files = (
				38E96A9B1AD4C79D006F589E /* ViewController.swift in Sources */,
				38E96A991AD4C79D006F589E /* AppDelegate.swift in Sources */,
			);
			runOnlyForDeploymentPostprocessing = 0;
		};
		38E96AA41AD4C79D006F589E /* Sources */ = {
			isa = PBXSourcesBuildPhase;
			buildActionMask = 2147483647;
			files = (
				38E96AAF1AD4C79D006F589E /* tomoatoesTests.swift in Sources */,
			);
			runOnlyForDeploymentPostprocessing = 0;
		};
/* End PBXSourcesBuildPhase section */

/* Begin PBXTargetDependency section */
		38E96AAA1AD4C79D006F589E /* PBXTargetDependency */ = {
			isa = PBXTargetDependency;
			target = 38E96A921AD4C79D006F589E /* tomoatoes */;
			targetProxy = 38E96AA91AD4C79D006F589E /* PBXContainerItemProxy */;
		};
/* End PBXTargetDependency section */

/* Begin PBXVariantGroup section */
		38E96A9C1AD4C79D006F589E /* Main.storyboard */ = {
			isa = PBXVariantGroup;
			children = (
				38E96A9D1AD4C79D006F589E /* Base */,
			);
			name = Main.storyboard;
			sourceTree = "<group>";
		};
		38E96AA11AD4C79D006F589E /* LaunchScreen.xib */ = {
			isa = PBXVariantGroup;
			children = (
				38E96AA21AD4C79D006F589E /* Base */,
			);
			name = LaunchScreen.xib;
			sourceTree = "<group>";
		};
/* End PBXVariantGroup section */

/* Begin XCBuildConfiguration section */
		38E96AB01AD4C79D006F589E /* Debug */ = {
			isa = XCBuildConfiguration;
			buildSettings = {
				ALWAYS_SEARCH_USER_PATHS = NO;
				CLANG_CXX_LANGUAGE_STANDARD = "gnu++0x";
				CLANG_CXX_LIBRARY = "libc++";
				CLANG_ENABLE_MODULES = YES;
				CLANG_ENABLE_OBJC_ARC = YES;
				CLANG_WARN_BOOL_CONVERSION = YES;
				CLANG_WARN_CONSTANT_CONVERSION = YES;
				CLANG_WARN_DIRECT_OBJC_ISA_USAGE = YES_ERROR;
				CLANG_WARN_EMPTY_BODY = YES;
				CLANG_WARN_ENUM_CONVERSION = YES;
				CLANG_WARN_INT_CONVERSION = YES;
				CLANG_WARN_OBJC_ROOT_CLASS = YES_ERROR;
				CLANG_WARN_UNREACHABLE_CODE = YES;
				CLANG_WARN__DUPLICATE_METHOD_MATCH = YES;
				"CODE_SIGN_IDENTITY[sdk=iphoneos*]" = "iPhone Developer";
				COPY_PHASE_STRIP = NO;
				ENABLE_STRICT_OBJC_MSGSEND = YES;
				GCC_C_LANGUAGE_STANDARD = gnu99;
				GCC_DYNAMIC_NO_PIC = NO;
				GCC_OPTIMIZATION_LEVEL = 0;
				GCC_PREPROCESSOR_DEFINITIONS = (
					"DEBUG=1",
					"$(inherited)",
				);
				GCC_SYMBOLS_PRIVATE_EXTERN = NO;
				GCC_WARN_64_TO_32_BIT_CONVERSION = YES;
				GCC_WARN_ABOUT_RETURN_TYPE = YES_ERROR;
				GCC_WARN_UNDECLARED_SELECTOR = YES;
				GCC_WARN_UNINITIALIZED_AUTOS = YES_AGGRESSIVE;
				GCC_WARN_UNUSED_FUNCTION = YES;
				GCC_WARN_UNUSED_VARIABLE = YES;
				IPHONEOS_DEPLOYMENT_TARGET = 8.2;
				MTL_ENABLE_DEBUG_INFO = YES;
				ONLY_ACTIVE_ARCH = YES;
				SDKROOT = iphoneos;
				SWIFT_OPTIMIZATION_LEVEL = "-Onone";
			};
			name = Debug;
		};
		38E96AB11AD4C79D006F589E /* Release */ = {
			isa = XCBuildConfiguration;
			buildSettings = {
				ALWAYS_SEARCH_USER_PATHS = NO;
				CLANG_CXX_LANGUAGE_STANDARD = "gnu++0x";
				CLANG_CXX_LIBRARY = "libc++";
				CLANG_ENABLE_MODULES = YES;
				CLANG_ENABLE_OBJC_ARC = YES;
				CLANG_WARN_BOOL_CONVERSION = YES;
				CLANG_WARN_CONSTANT_CONVERSION = YES;
				CLANG_WARN_DIRECT_OBJC_ISA_USAGE = YES_ERROR;
				CLANG_WARN_EMPTY_BODY = YES;
				CLANG_WARN_ENUM_CONVERSION = YES;
				CLANG_WARN_INT_CONVERSION = YES;
				CLANG_WARN_OBJC_ROOT_CLASS = YES_ERROR;
				CLANG_WARN_UNREACHABLE_CODE = YES;
				CLANG_WARN__DUPLICATE_METHOD_MATCH = YES;
				"CODE_SIGN_IDENTITY[sdk=iphoneos*]" = "iPhone Developer";
				COPY_PHASE_STRIP = NO;
				ENABLE_NS_ASSERTIONS = NO;
				ENABLE_STRICT_OBJC_MSGSEND = YES;
				GCC_C_LANGUAGE_STANDARD = gnu99;
				GCC_WARN_64_TO_32_BIT_CONVERSION = YES;
				GCC_WARN_ABOUT_RETURN_TYPE = YES_ERROR;
				GCC_WARN_UNDECLARED_SELECTOR = YES;
				GCC_WARN_UNINITIALIZED_AUTOS = YES_AGGRESSIVE;
				GCC_WARN_UNUSED_FUNCTION = YES;
				GCC_WARN_UNUSED_VARIABLE = YES;
				IPHONEOS_DEPLOYMENT_TARGET = 8.2;
				MTL_ENABLE_DEBUG_INFO = NO;
				SDKROOT = iphoneos;
				VALIDATE_PRODUCT = YES;
			};
			name = Release;
		};
		38E96AB31AD4C79D006F589E /* Debug */ = {
			isa = XCBuildConfiguration;
			buildSettings = {
				ASSETCATALOG_COMPILER_APPICON_NAME = AppIcon;
				INFOPLIST_FILE = tomoatoes/Info.plist;
				LD_RUNPATH_SEARCH_PATHS = "$(inherited) @executable_path/Frameworks";
				PRODUCT_NAME = "$(TARGET_NAME)";
			};
			name = Debug;
		};
		38E96AB41AD4C79D006F589E /* Release */ = {
			isa = XCBuildConfiguration;
			buildSettings = {
				ASSETCATALOG_COMPILER_APPICON_NAME = AppIcon;
				INFOPLIST_FILE = tomoatoes/Info.plist;
				LD_RUNPATH_SEARCH_PATHS = "$(inherited) @executable_path/Frameworks";
				PRODUCT_NAME = "$(TARGET_NAME)";
			};
			name = Release;
		};
		38E96AB61AD4C79D006F589E /* Debug */ = {
			isa = XCBuildConfiguration;
			buildSettings = {
				BUNDLE_LOADER = "$(TEST_HOST)";
				FRAMEWORK_SEARCH_PATHS = (
					"$(SDKROOT)/Developer/Library/Frameworks",
					"$(inherited)",
				);
				GCC_PREPROCESSOR_DEFINITIONS = (
					"DEBUG=1",
					"$(inherited)",
				);
				INFOPLIST_FILE = tomoatoesTests/Info.plist;
				LD_RUNPATH_SEARCH_PATHS = "$(inherited) @executable_path/Frameworks @loader_path/Frameworks";
				PRODUCT_NAME = "$(TARGET_NAME)";
				TEST_HOST = "$(BUILT_PRODUCTS_DIR)/tomoatoes.app/tomoatoes";
			};
			name = Debug;
		};
		38E96AB71AD4C79D006F589E /* Release */ = {
			isa = XCBuildConfiguration;
			buildSettings = {
				BUNDLE_LOADER = "$(TEST_HOST)";
				FRAMEWORK_SEARCH_PATHS = (
					"$(SDKROOT)/Developer/Library/Frameworks",
					"$(inherited)",
				);
				INFOPLIST_FILE = tomoatoesTests/Info.plist;
				LD_RUNPATH_SEARCH_PATHS = "$(inherited) @executable_path/Frameworks @loader_path/Frameworks";
				PRODUCT_NAME = "$(TARGET_NAME)";
				TEST_HOST = "$(BUILT_PRODUCTS_DIR)/tomoatoes.app/tomoatoes";
			};
			name = Release;
		};
/* End XCBuildConfiguration section */

/* Begin XCConfigurationList section */
		38E96A8E1AD4C79D006F589E /* Build configuration list for PBXProject "tomoatoes" */ = {
			isa = XCConfigurationList;
			buildConfigurations = (
				38E96AB01AD4C79D006F589E /* Debug */,
				38E96AB11AD4C79D006F589E /* Release */,
			);
			defaultConfigurationIsVisible = 0;
			defaultConfigurationName = Release;
		};
		38E96AB21AD4C79D006F589E /* Build configuration list for PBXNativeTarget "tomoatoes" */ = {
			isa = XCConfigurationList;
			buildConfigurations = (
				38E96AB31AD4C79D006F589E /* Debug */,
				38E96AB41AD4C79D006F589E /* Release */,
			);
			defaultConfigurationIsVisible = 0;
		};
		38E96AB51AD4C79D006F589E /* Build configuration list for PBXNativeTarget "tomoatoesTests" */ = {
			isa = XCConfigurationList;
			buildConfigurations = (
				38E96AB61AD4C79D006F589E /* Debug */,
				38E96AB71AD4C79D006F589E /* Release */,
			);
			defaultConfigurationIsVisible = 0;
		};
/* End XCConfigurationList section */
	};
	rootObject = 38E96A8B1AD4C79D006F589E /* Project object */;
}
